
Microsoft Visual Studio Solution File, Format Version 12.00
# Visual Studio Version 17
VisualStudioVersion = 17.11.35327.3
MinimumVisualStudioVersion = 10.0.40219.1
Project("{FAE04EC0-301F-11D3-BF4B-00C04F79EFBC}") = "Aula03", "Aula03\Aula03.csproj", "{4A58B9D5-AA50-43F6-98CB-C926AB2A1752}"
EndProject
Project("{FAE04EC0-301F-11D3-BF4B-00C04F79EFBC}") = "Aula04", "Aula04\Aula04.csproj", "{1D6CDB03-29A4-41F9-88C6-93A7E18E74F3}"
EndProject
Project("{FAE04EC0-301F-11D3-BF4B-00C04F79EFBC}") = "Aula05", "Aula05\Aula05.csproj", "{6B23B62E-C24E-4222-BAD2-65A9B78C10E6}"
EndProject
Project("{FAE04EC0-301F-11D3-BF4B-00C04F79EFBC}") = "Aula07", "Aula07\Aula07.csproj", "{5234154C-1F6B-41FD-A28B-DD26EDF65E9F}"
EndProject
Project("{FAE04EC0-301F-11D3-BF4B-00C04F79EFBC}") = "Aula09", "Aula09\Aula09.csproj", "{490D9AD8-7019-4500-9942-5CAE49A2DC7B}"
EndProject
Project("{FAE04EC0-301F-11D3-BF4B-00C04F79EFBC}") = "Aula10", "Aula10\Aula10.csproj", "{8E3BB635-16FB-44BC-B814-EB6C0066D529}"
EndProject
Project("{FAE04EC0-301F-11D3-BF4B-00C04F79EFBC}") = "Aula11a", "Aula11a\Aula11a.csproj", "{46450C56-31AF-4062-ABE2-27E4C505F794}"
EndProject
Project("{FAE04EC0-301F-11D3-BF4B-00C04F79EFBC}") = "Aula11b", "Aula11b\Aula11b.csproj", "{809C637C-94D5-4A67-9DD9-6A0702156C9D}"
EndProject
Project("{FAE04EC0-301F-11D3-BF4B-00C04F79EFBC}") = "Aula12a", "Aula12a\Aula12a.csproj", "{9DB10EAE-C930-4976-9382-496A95CBB034}"
EndProject
Project("{FAE04EC0-301F-11D3-BF4B-00C04F79EFBC}") = "Aula12b", "Aula12b\Aula12b.csproj", "{25FABF6C-F168-454B-A081-D683C1EB24CA}"
EndProject
Global
	GlobalSection(SolutionConfigurationPlatforms) = preSolution
		Debug|Any CPU = Debug|Any CPU
		Release|Any CPU = Release|Any CPU
	EndGlobalSection
	GlobalSection(ProjectConfigurationPlatforms) = postSolution
		{4A58B9D5-AA50-43F6-98CB-C926AB2A1752}.Debug|Any CPU.ActiveCfg = Debug|Any CPU
		{4A58B9D5-AA50-43F6-98CB-C926AB2A1752}.Debug|Any CPU.Build.0 = Debug|Any CPU
		{4A58B9D5-AA50-43F6-98CB-C926AB2A1752}.Release|Any CPU.ActiveCfg = Release|Any CPU
		{4A58B9D5-AA50-43F6-98CB-C926AB2A1752}.Release|Any CPU.Build.0 = Release|Any CPU
		{1D6CDB03-29A4-41F9-88C6-93A7E18E74F3}.Debug|Any CPU.ActiveCfg = Debug|Any CPU
		{1D6CDB03-29A4-41F9-88C6-93A7E18E74F3}.Debug|Any CPU.Build.0 = Debug|Any CPU
		{1D6CDB03-29A4-41F9-88C6-93A7E18E74F3}.Release|Any CPU.ActiveCfg = Release|Any CPU
		{1D6CDB03-29A4-41F9-88C6-93A7E18E74F3}.Release|Any CPU.Build.0 = Release|Any CPU
		{6B23B62E-C24E-4222-BAD2-65A9B78C10E6}.Debug|Any CPU.ActiveCfg = Debug|Any CPU
		{6B23B62E-C24E-4222-BAD2-65A9B78C10E6}.Debug|Any CPU.Build.0 = Debug|Any CPU
		{6B23B62E-C24E-4222-BAD2-65A9B78C10E6}.Release|Any CPU.ActiveCfg = Release|Any CPU
		{6B23B62E-C24E-4222-BAD2-65A9B78C10E6}.Release|Any CPU.Build.0 = Release|Any CPU
		{5234154C-1F6B-41FD-A28B-DD26EDF65E9F}.Debug|Any CPU.ActiveCfg = Debug|Any CPU
		{5234154C-1F6B-41FD-A28B-DD26EDF65E9F}.Debug|Any CPU.Build.0 = Debug|Any CPU
		{5234154C-1F6B-41FD-A28B-DD26EDF65E9F}.Release|Any CPU.ActiveCfg = Release|Any CPU
		{5234154C-1F6B-41FD-A28B-DD26EDF65E9F}.Release|Any CPU.Build.0 = Release|Any CPU
		{490D9AD8-7019-4500-9942-5CAE49A2DC7B}.Debug|Any CPU.ActiveCfg = Debug|Any CPU
		{490D9AD8-7019-4500-9942-5CAE49A2DC7B}.Debug|Any CPU.Build.0 = Debug|Any CPU
		{490D9AD8-7019-4500-9942-5CAE49A2DC7B}.Release|Any CPU.ActiveCfg = Release|Any CPU
		{490D9AD8-7019-4500-9942-5CAE49A2DC7B}.Release|Any CPU.Build.0 = Release|Any CPU
		{8E3BB635-16FB-44BC-B814-EB6C0066D529}.Debug|Any CPU.ActiveCfg = Debug|Any CPU
		{8E3BB635-16FB-44BC-B814-EB6C0066D529}.Debug|Any CPU.Build.0 = Debug|Any CPU
		{8E3BB635-16FB-44BC-B814-EB6C0066D529}.Release|Any CPU.ActiveCfg = Release|Any CPU
		{8E3BB635-16FB-44BC-B814-EB6C0066D529}.Release|Any CPU.Build.0 = Release|Any CPU
		{46450C56-31AF-4062-ABE2-27E4C505F794}.Debug|Any CPU.ActiveCfg = Debug|Any CPU
		{46450C56-31AF-4062-ABE2-27E4C505F794}.Debug|Any CPU.Build.0 = Debug|Any CPU
		{46450C56-31AF-4062-ABE2-27E4C505F794}.Release|Any CPU.ActiveCfg = Release|Any CPU
		{46450C56-31AF-4062-ABE2-27E4C505F794}.Release|Any CPU.Build.0 = Release|Any CPU
		{809C637C-94D5-4A67-9DD9-6A0702156C9D}.Debug|Any CPU.ActiveCfg = Debug|Any CPU
		{809C637C-94D5-4A67-9DD9-6A0702156C9D}.Debug|Any CPU.Build.0 = Debug|Any CPU
		{809C637C-94D5-4A67-9DD9-6A0702156C9D}.Release|Any CPU.ActiveCfg = Release|Any CPU
		{809C637C-94D5-4A67-9DD9-6A0702156C9D}.Release|Any CPU.Build.0 = Release|Any CPU
		{9DB10EAE-C930-4976-9382-496A95CBB034}.Debug|Any CPU.ActiveCfg = Debug|Any CPU
		{9DB10EAE-C930-4976-9382-496A95CBB034}.Debug|Any CPU.Build.0 = Debug|Any CPU
		{9DB10EAE-C930-4976-9382-496A95CBB034}.Release|Any CPU.ActiveCfg = Release|Any CPU
		{9DB10EAE-C930-4976-9382-496A95CBB034}.Release|Any CPU.Build.0 = Release|Any CPU
		{25FABF6C-F168-454B-A081-D683C1EB24CA}.Debug|Any CPU.ActiveCfg = Debug|Any CPU
		{25FABF6C-F168-454B-A081-D683C1EB24CA}.Debug|Any CPU.Build.0 = Debug|Any CPU
		{25FABF6C-F168-454B-A081-D683C1EB24CA}.Release|Any CPU.ActiveCfg = Release|Any CPU
		{25FABF6C-F168-454B-A081-D683C1EB24CA}.Release|Any CPU.Build.0 = Release|Any CPU
	EndGlobalSection
	GlobalSection(SolutionProperties) = preSolution
		HideSolutionNode = FALSE
	EndGlobalSection
	GlobalSection(ExtensibilityGlobals) = postSolution
		SolutionGuid = {712BAAA8-7172-4242-AFA6-E6CDC638B2E6}
	EndGlobalSection
EndGlobal
