
Microsoft Visual Studio Solution File, Format Version 12.00
# Visual Studio Version 17
VisualStudioVersion = 17.11.35327.3
MinimumVisualStudioVersion = 10.0.40219.1
Project("{FAE04EC0-301F-11D3-BF4B-00C04F79EFBC}") = "Aula02a", "Aula02a\Aula02a.csproj", "{6CFC9731-7D24-4563-849A-156A5464AC0F}"
EndProject
Project("{FAE04EC0-301F-11D3-BF4B-00C04F79EFBC}") = "Aula02b", "Aula02b\Aula02b.csproj", "{1558AC70-14C9-4483-AB9E-0C13209F9EC8}"
EndProject
Project("{FAE04EC0-301F-11D3-BF4B-00C04F79EFBC}") = "Aula02c", "Aula02c\Aula02c.csproj", "{38E924B5-1675-4C76-A70B-F7CEC5E8EF87}"
EndProject
Project("{FAE04EC0-301F-11D3-BF4B-00C04F79EFBC}") = "Aula02d", "Aula02d\Aula02d.csproj", "{BAC9EB2D-10A6-487D-AC78-04DD913C9FB8}"
EndProject
Project("{FAE04EC0-301F-11D3-BF4B-00C04F79EFBC}") = "Aula02e", "Aula02e\Aula02e.csproj", "{75160CAF-DD4D-4AF2-A8C3-C1662D68CD46}"
EndProject
Project("{FAE04EC0-301F-11D3-BF4B-00C04F79EFBC}") = "Aula03", "Aula03\Aula03.csproj", "{8D44662C-5CE1-43E2-AAD3-D76136E7A7EC}"
EndProject
Project("{FAE04EC0-301F-11D3-BF4B-00C04F79EFBC}") = "Aula04", "Aula04\Aula04.csproj", "{B4CAFA7F-D328-45CB-9713-8A4D0A9FC88C}"
EndProject
Project("{FAE04EC0-301F-11D3-BF4B-00C04F79EFBC}") = "Aula05a", "Aula05a\Aula05a.csproj", "{D9EEA095-C210-4056-B909-1742C96DF4D4}"
EndProject
Project("{FAE04EC0-301F-11D3-BF4B-00C04F79EFBC}") = "Aula05b", "Aula05b\Aula05b.csproj", "{40BE41F6-69E8-4D98-BA32-285C1122CE1F}"
EndProject
Project("{FAE04EC0-301F-11D3-BF4B-00C04F79EFBC}") = "Aula06", "Aula06\Aula06.csproj", "{DF8CAA0F-23B0-4014-94E7-70A30C787C08}"
EndProject
Project("{FAE04EC0-301F-11D3-BF4B-00C04F79EFBC}") = "Aula07", "Aula07\Aula07.csproj", "{A858E33A-900F-451F-A3CC-E877280A13F4}"
EndProject
Project("{FAE04EC0-301F-11D3-BF4B-00C04F79EFBC}") = "Aula08a", "Aula08a\Aula08a.csproj", "{8347B9EF-D7E2-4E15-85F1-AEA8943640F7}"
EndProject
Project("{FAE04EC0-301F-11D3-BF4B-00C04F79EFBC}") = "Aula08b", "Aula08b\Aula08b.csproj", "{718C8672-CF1D-4D1F-BC2F-B655CE94A187}"
EndProject
Project("{FAE04EC0-301F-11D3-BF4B-00C04F79EFBC}") = "Aula08c", "Aula08c\Aula08c.csproj", "{701A61B8-DC46-4486-9782-322273B48784}"
EndProject
Project("{FAE04EC0-301F-11D3-BF4B-00C04F79EFBC}") = "Aula08d", "Aula08d\Aula08d.csproj", "{3CCC4296-E3C7-48D7-A5DF-85984BAF1AF3}"
EndProject
Project("{FAE04EC0-301F-11D3-BF4B-00C04F79EFBC}") = "Aula08e", "Aula08e\Aula08e.csproj", "{9B9FE6C7-BCA8-4D20-9DFB-CBA0D540ED07}"
EndProject
Project("{FAE04EC0-301F-11D3-BF4B-00C04F79EFBC}") = "Aula08f", "Aula08f\Aula08f.csproj", "{AA914791-B490-4D29-901C-ADA61F090C63}"
EndProject
Project("{FAE04EC0-301F-11D3-BF4B-00C04F79EFBC}") = "Aula09", "Aula09\Aula09.csproj", "{AD4DF5CE-2147-415E-AC15-4BA3F0B76FB4}"
EndProject
Project("{FAE04EC0-301F-11D3-BF4B-00C04F79EFBC}") = "Aula10", "Aula10\Aula10.csproj", "{5BC3F31E-AD16-4A83-A3E8-72571BA4B8D4}"
EndProject
Project("{FAE04EC0-301F-11D3-BF4B-00C04F79EFBC}") = "Aula11a", "Aula11a\Aula11a.csproj", "{B7B7D8A7-1F8F-4838-AB9D-3646171C7842}"
EndProject
Project("{FAE04EC0-301F-11D3-BF4B-00C04F79EFBC}") = "Aula11b", "Aula11b\Aula11b.csproj", "{0EB5229D-953F-40B6-ACCE-D0EB2A19ADF8}"
EndProject
Global
	GlobalSection(SolutionConfigurationPlatforms) = preSolution
		Debug|Any CPU = Debug|Any CPU
		Release|Any CPU = Release|Any CPU
	EndGlobalSection
	GlobalSection(ProjectConfigurationPlatforms) = postSolution
		{6CFC9731-7D24-4563-849A-156A5464AC0F}.Debug|Any CPU.ActiveCfg = Debug|Any CPU
		{6CFC9731-7D24-4563-849A-156A5464AC0F}.Debug|Any CPU.Build.0 = Debug|Any CPU
		{6CFC9731-7D24-4563-849A-156A5464AC0F}.Release|Any CPU.ActiveCfg = Release|Any CPU
		{6CFC9731-7D24-4563-849A-156A5464AC0F}.Release|Any CPU.Build.0 = Release|Any CPU
		{1558AC70-14C9-4483-AB9E-0C13209F9EC8}.Debug|Any CPU.ActiveCfg = Debug|Any CPU
		{1558AC70-14C9-4483-AB9E-0C13209F9EC8}.Debug|Any CPU.Build.0 = Debug|Any CPU
		{1558AC70-14C9-4483-AB9E-0C13209F9EC8}.Release|Any CPU.ActiveCfg = Release|Any CPU
		{1558AC70-14C9-4483-AB9E-0C13209F9EC8}.Release|Any CPU.Build.0 = Release|Any CPU
		{38E924B5-1675-4C76-A70B-F7CEC5E8EF87}.Debug|Any CPU.ActiveCfg = Debug|Any CPU
		{38E924B5-1675-4C76-A70B-F7CEC5E8EF87}.Debug|Any CPU.Build.0 = Debug|Any CPU
		{38E924B5-1675-4C76-A70B-F7CEC5E8EF87}.Release|Any CPU.ActiveCfg = Release|Any CPU
		{38E924B5-1675-4C76-A70B-F7CEC5E8EF87}.Release|Any CPU.Build.0 = Release|Any CPU
		{BAC9EB2D-10A6-487D-AC78-04DD913C9FB8}.Debug|Any CPU.ActiveCfg = Debug|Any CPU
		{BAC9EB2D-10A6-487D-AC78-04DD913C9FB8}.Debug|Any CPU.Build.0 = Debug|Any CPU
		{BAC9EB2D-10A6-487D-AC78-04DD913C9FB8}.Release|Any CPU.ActiveCfg = Release|Any CPU
		{BAC9EB2D-10A6-487D-AC78-04DD913C9FB8}.Release|Any CPU.Build.0 = Release|Any CPU
		{75160CAF-DD4D-4AF2-A8C3-C1662D68CD46}.Debug|Any CPU.ActiveCfg = Debug|Any CPU
		{75160CAF-DD4D-4AF2-A8C3-C1662D68CD46}.Debug|Any CPU.Build.0 = Debug|Any CPU
		{75160CAF-DD4D-4AF2-A8C3-C1662D68CD46}.Release|Any CPU.ActiveCfg = Release|Any CPU
		{75160CAF-DD4D-4AF2-A8C3-C1662D68CD46}.Release|Any CPU.Build.0 = Release|Any CPU
		{8D44662C-5CE1-43E2-AAD3-D76136E7A7EC}.Debug|Any CPU.ActiveCfg = Debug|Any CPU
		{8D44662C-5CE1-43E2-AAD3-D76136E7A7EC}.Debug|Any CPU.Build.0 = Debug|Any CPU
		{8D44662C-5CE1-43E2-AAD3-D76136E7A7EC}.Release|Any CPU.ActiveCfg = Release|Any CPU
		{8D44662C-5CE1-43E2-AAD3-D76136E7A7EC}.Release|Any CPU.Build.0 = Release|Any CPU
		{B4CAFA7F-D328-45CB-9713-8A4D0A9FC88C}.Debug|Any CPU.ActiveCfg = Debug|Any CPU
		{B4CAFA7F-D328-45CB-9713-8A4D0A9FC88C}.Debug|Any CPU.Build.0 = Debug|Any CPU
		{B4CAFA7F-D328-45CB-9713-8A4D0A9FC88C}.Release|Any CPU.ActiveCfg = Release|Any CPU
		{B4CAFA7F-D328-45CB-9713-8A4D0A9FC88C}.Release|Any CPU.Build.0 = Release|Any CPU
		{D9EEA095-C210-4056-B909-1742C96DF4D4}.Debug|Any CPU.ActiveCfg = Debug|Any CPU
		{D9EEA095-C210-4056-B909-1742C96DF4D4}.Debug|Any CPU.Build.0 = Debug|Any CPU
		{D9EEA095-C210-4056-B909-1742C96DF4D4}.Release|Any CPU.ActiveCfg = Release|Any CPU
		{D9EEA095-C210-4056-B909-1742C96DF4D4}.Release|Any CPU.Build.0 = Release|Any CPU
		{40BE41F6-69E8-4D98-BA32-285C1122CE1F}.Debug|Any CPU.ActiveCfg = Debug|Any CPU
		{40BE41F6-69E8-4D98-BA32-285C1122CE1F}.Debug|Any CPU.Build.0 = Debug|Any CPU
		{40BE41F6-69E8-4D98-BA32-285C1122CE1F}.Release|Any CPU.ActiveCfg = Release|Any CPU
		{40BE41F6-69E8-4D98-BA32-285C1122CE1F}.Release|Any CPU.Build.0 = Release|Any CPU
		{DF8CAA0F-23B0-4014-94E7-70A30C787C08}.Debug|Any CPU.ActiveCfg = Debug|Any CPU
		{DF8CAA0F-23B0-4014-94E7-70A30C787C08}.Debug|Any CPU.Build.0 = Debug|Any CPU
		{DF8CAA0F-23B0-4014-94E7-70A30C787C08}.Release|Any CPU.ActiveCfg = Release|Any CPU
		{DF8CAA0F-23B0-4014-94E7-70A30C787C08}.Release|Any CPU.Build.0 = Release|Any CPU
		{A858E33A-900F-451F-A3CC-E877280A13F4}.Debug|Any CPU.ActiveCfg = Debug|Any CPU
		{A858E33A-900F-451F-A3CC-E877280A13F4}.Debug|Any CPU.Build.0 = Debug|Any CPU
		{A858E33A-900F-451F-A3CC-E877280A13F4}.Release|Any CPU.ActiveCfg = Release|Any CPU
		{A858E33A-900F-451F-A3CC-E877280A13F4}.Release|Any CPU.Build.0 = Release|Any CPU
		{8347B9EF-D7E2-4E15-85F1-AEA8943640F7}.Debug|Any CPU.ActiveCfg = Debug|Any CPU
		{8347B9EF-D7E2-4E15-85F1-AEA8943640F7}.Debug|Any CPU.Build.0 = Debug|Any CPU
		{8347B9EF-D7E2-4E15-85F1-AEA8943640F7}.Release|Any CPU.ActiveCfg = Release|Any CPU
		{8347B9EF-D7E2-4E15-85F1-AEA8943640F7}.Release|Any CPU.Build.0 = Release|Any CPU
		{718C8672-CF1D-4D1F-BC2F-B655CE94A187}.Debug|Any CPU.ActiveCfg = Debug|Any CPU
		{718C8672-CF1D-4D1F-BC2F-B655CE94A187}.Debug|Any CPU.Build.0 = Debug|Any CPU
		{718C8672-CF1D-4D1F-BC2F-B655CE94A187}.Release|Any CPU.ActiveCfg = Release|Any CPU
		{718C8672-CF1D-4D1F-BC2F-B655CE94A187}.Release|Any CPU.Build.0 = Release|Any CPU
		{701A61B8-DC46-4486-9782-322273B48784}.Debug|Any CPU.ActiveCfg = Debug|Any CPU
		{701A61B8-DC46-4486-9782-322273B48784}.Debug|Any CPU.Build.0 = Debug|Any CPU
		{701A61B8-DC46-4486-9782-322273B48784}.Release|Any CPU.ActiveCfg = Release|Any CPU
		{701A61B8-DC46-4486-9782-322273B48784}.Release|Any CPU.Build.0 = Release|Any CPU
		{3CCC4296-E3C7-48D7-A5DF-85984BAF1AF3}.Debug|Any CPU.ActiveCfg = Debug|Any CPU
		{3CCC4296-E3C7-48D7-A5DF-85984BAF1AF3}.Debug|Any CPU.Build.0 = Debug|Any CPU
		{3CCC4296-E3C7-48D7-A5DF-85984BAF1AF3}.Release|Any CPU.ActiveCfg = Release|Any CPU
		{3CCC4296-E3C7-48D7-A5DF-85984BAF1AF3}.Release|Any CPU.Build.0 = Release|Any CPU
		{9B9FE6C7-BCA8-4D20-9DFB-CBA0D540ED07}.Debug|Any CPU.ActiveCfg = Debug|Any CPU
		{9B9FE6C7-BCA8-4D20-9DFB-CBA0D540ED07}.Debug|Any CPU.Build.0 = Debug|Any CPU
		{9B9FE6C7-BCA8-4D20-9DFB-CBA0D540ED07}.Release|Any CPU.ActiveCfg = Release|Any CPU
		{9B9FE6C7-BCA8-4D20-9DFB-CBA0D540ED07}.Release|Any CPU.Build.0 = Release|Any CPU
		{AA914791-B490-4D29-901C-ADA61F090C63}.Debug|Any CPU.ActiveCfg = Debug|Any CPU
		{AA914791-B490-4D29-901C-ADA61F090C63}.Debug|Any CPU.Build.0 = Debug|Any CPU
		{AA914791-B490-4D29-901C-ADA61F090C63}.Release|Any CPU.ActiveCfg = Release|Any CPU
		{AA914791-B490-4D29-901C-ADA61F090C63}.Release|Any CPU.Build.0 = Release|Any CPU
		{AD4DF5CE-2147-415E-AC15-4BA3F0B76FB4}.Debug|Any CPU.ActiveCfg = Debug|Any CPU
		{AD4DF5CE-2147-415E-AC15-4BA3F0B76FB4}.Debug|Any CPU.Build.0 = Debug|Any CPU
		{AD4DF5CE-2147-415E-AC15-4BA3F0B76FB4}.Release|Any CPU.ActiveCfg = Release|Any CPU
		{AD4DF5CE-2147-415E-AC15-4BA3F0B76FB4}.Release|Any CPU.Build.0 = Release|Any CPU
		{5BC3F31E-AD16-4A83-A3E8-72571BA4B8D4}.Debug|Any CPU.ActiveCfg = Debug|Any CPU
		{5BC3F31E-AD16-4A83-A3E8-72571BA4B8D4}.Debug|Any CPU.Build.0 = Debug|Any CPU
		{5BC3F31E-AD16-4A83-A3E8-72571BA4B8D4}.Release|Any CPU.ActiveCfg = Release|Any CPU
		{5BC3F31E-AD16-4A83-A3E8-72571BA4B8D4}.Release|Any CPU.Build.0 = Release|Any CPU
		{B7B7D8A7-1F8F-4838-AB9D-3646171C7842}.Debug|Any CPU.ActiveCfg = Debug|Any CPU
		{B7B7D8A7-1F8F-4838-AB9D-3646171C7842}.Debug|Any CPU.Build.0 = Debug|Any CPU
		{B7B7D8A7-1F8F-4838-AB9D-3646171C7842}.Release|Any CPU.ActiveCfg = Release|Any CPU
		{B7B7D8A7-1F8F-4838-AB9D-3646171C7842}.Release|Any CPU.Build.0 = Release|Any CPU
		{0EB5229D-953F-40B6-ACCE-D0EB2A19ADF8}.Debug|Any CPU.ActiveCfg = Debug|Any CPU
		{0EB5229D-953F-40B6-ACCE-D0EB2A19ADF8}.Debug|Any CPU.Build.0 = Debug|Any CPU
		{0EB5229D-953F-40B6-ACCE-D0EB2A19ADF8}.Release|Any CPU.ActiveCfg = Release|Any CPU
		{0EB5229D-953F-40B6-ACCE-D0EB2A19ADF8}.Release|Any CPU.Build.0 = Release|Any CPU
	EndGlobalSection
	GlobalSection(SolutionProperties) = preSolution
		HideSolutionNode = FALSE
	EndGlobalSection
	GlobalSection(ExtensibilityGlobals) = postSolution
		SolutionGuid = {2D49B0B6-8955-4261-862A-7E73357C2538}
	EndGlobalSection
EndGlobal
